
Microsoft Visual Studio Solution File, Format Version 12.00
# Visual Studio Version 17
VisualStudioVersion = 17.14.36221.1 d17.14
MinimumVisualStudioVersion = 10.0.40219.1
Project("{FAE04EC0-301F-11D3-BF4B-00C04F79EFBC}") = "StudentInfoManageSystem", "StudentInfoManageSystem.csproj", "{BB2667AF-9AF9-4F29-BC2A-8FF5667A7DD5}"
EndProject
Global
	GlobalSection(SolutionConfigurationPlatforms) = preSolution
		Debug|Any CPU = Debug|Any CPU
		Release|Any CPU = Release|Any CPU
	EndGlobalSection
	GlobalSection(ProjectConfigurationPlatforms) = postSolution
		{BB2667AF-9AF9-4F29-BC2A-8FF5667A7DD5}.Debug|Any CPU.ActiveCfg = Debug|Any CPU
		{BB2667AF-9AF9-4F29-BC2A-8FF5667A7DD5}.Debug|Any CPU.Build.0 = Debug|Any CPU
		{BB2667AF-9AF9-4F29-BC2A-8FF5667A7DD5}.Release|Any CPU.ActiveCfg = Release|Any CPU
		{BB2667AF-9AF9-4F29-BC2A-8FF5667A7DD5}.Release|Any CPU.Build.0 = Release|Any CPU
	EndGlobalSection
	GlobalSection(SolutionProperties) = preSolution
		HideSolutionNode = FALSE
	EndGlobalSection
	GlobalSection(ExtensibilityGlobals) = postSolution
		SolutionGuid = {81B6AB4E-80A9-4F62-99D5-8F9D35366029}
	EndGlobalSection
EndGlobal
